
Microsoft Visual Studio Solution File, Format Version 12.00
# Visual Studio Version 16
VisualStudioVersion = 16.0.30717.126
MinimumVisualStudioVersion = 10.0.40219.1
Project("{FAE04EC0-301F-11D3-BF4B-00C04F79EFBC}") = "Client", "Client\Client.csproj", "{DEC8CD0D-8BE5-40BB-A3C7-FB2A8C617ABB}"
EndProject
Global
	GlobalSection(SolutionConfigurationPlatforms) = preSolution
		Debug|Any CPU = Debug|Any CPU
		Release|Any CPU = Release|Any CPU
	EndGlobalSection
	GlobalSection(ProjectConfigurationPlatforms) = postSolution
		{DEC8CD0D-8BE5-40BB-A3C7-FB2A8C617ABB}.Debug|Any CPU.ActiveCfg = Debug|Any CPU
		{DEC8CD0D-8BE5-40BB-A3C7-FB2A8C617ABB}.Debug|Any CPU.Build.0 = Debug|Any CPU
		{DEC8CD0D-8BE5-40BB-A3C7-FB2A8C617ABB}.Release|Any CPU.ActiveCfg = Release|Any CPU
		{DEC8CD0D-8BE5-40BB-A3C7-FB2A8C617ABB}.Release|Any CPU.Build.0 = Release|Any CPU
	EndGlobalSection
	GlobalSection(SolutionProperties) = preSolution
		HideSolutionNode = FALSE
	EndGlobalSection
	GlobalSection(ExtensibilityGlobals) = postSolution
		SolutionGuid = {B50383FB-16CB-491F-BA73-DBB1F5D2B8B9}
	EndGlobalSection
EndGlobal
